
Microsoft Visual Studio Solution File, Format Version 12.00
# Visual Studio Version 17
VisualStudioVersion = 17.12.35527.113
MinimumVisualStudioVersion = 10.0.40219.1
Project("{FAE04EC0-301F-11D3-BF4B-00C04F79EFBC}") = "ConsoleClient", "ConsoleClient\ConsoleClient.csproj", "{5345DB0E-1971-46C8-BC4F-786656179EFA}"
EndProject
Project("{2150E333-8FDC-42A3-9474-1A3956D46DE8}") = "Solution Items", "Solution Items", "{007E0B3A-149C-44A0-BF1E-FAA721CA280C}"
	ProjectSection(SolutionItems) = preProject
		OWSWD0325.ndproj = OWSWD0325.ndproj
		OWSWD0325RuleFile.ndrules = OWSWD0325RuleFile.ndrules
	EndProjectSection
EndProject
Project("{FAE04EC0-301F-11D3-BF4B-00C04F79EFBC}") = "DataClasses", "DataClasses\DataClasses.csproj", "{298E38CA-BE32-4E9E-A5D5-075A93832A81}"
EndProject
Project("{2150E333-8FDC-42A3-9474-1A3956D46DE8}") = "UI", "UI", "{C9516B21-A500-4770-B305-8981F1460AD3}"
EndProject
Project("{2150E333-8FDC-42A3-9474-1A3956D46DE8}") = "CrossCutting", "CrossCutting", "{D7649874-FA57-4369-B80D-B07D9E81C548}"
EndProject
Project("{2150E333-8FDC-42A3-9474-1A3956D46DE8}") = "Data", "Data", "{FA08353C-1538-4BDA-9841-2CCF67470897}"
EndProject
Project("{2150E333-8FDC-42A3-9474-1A3956D46DE8}") = "Logic", "Logic", "{4D717BA6-D29D-48D8-A90D-7AADC6417F6E}"
EndProject
Project("{FAE04EC0-301F-11D3-BF4B-00C04F79EFBC}") = "PersonManagement", "PersonManagement\PersonManagement.csproj", "{A73A4446-97F0-48AC-8161-C3594CE7A93B}"
EndProject
Project("{FAE04EC0-301F-11D3-BF4B-00C04F79EFBC}") = "DataStoring", "DataStoring\DataStoring.csproj", "{5631BCE7-7CA3-4345-96C7-9EE110A04E26}"
EndProject
Project("{FAE04EC0-301F-11D3-BF4B-00C04F79EFBC}") = "FileStoring", "FileStoring\FileStoring.csproj", "{CD7292F8-6180-4135-B2A3-4D4F4C2E8F31}"
EndProject
Project("{2150E333-8FDC-42A3-9474-1A3956D46DE8}") = "Infrastructure", "Infrastructure", "{7287985A-B1F1-4E3F-B3B0-B12911250611}"
EndProject
Project("{FAE04EC0-301F-11D3-BF4B-00C04F79EFBC}") = "Mappings", "Mappings\Mappings.csproj", "{CE50888D-B802-4BFB-B606-94510290DBAF}"
EndProject
Project("{FAE04EC0-301F-11D3-BF4B-00C04F79EFBC}") = "Configuration", "Configuration\Configuration.csproj", "{BE74CF27-7B24-4746-BE00-AA3415E42856}"
EndProject
Global
	GlobalSection(SolutionConfigurationPlatforms) = preSolution
		Debug|Any CPU = Debug|Any CPU
		Release|Any CPU = Release|Any CPU
	EndGlobalSection
	GlobalSection(ProjectConfigurationPlatforms) = postSolution
		{5345DB0E-1971-46C8-BC4F-786656179EFA}.Debug|Any CPU.ActiveCfg = Debug|Any CPU
		{5345DB0E-1971-46C8-BC4F-786656179EFA}.Debug|Any CPU.Build.0 = Debug|Any CPU
		{5345DB0E-1971-46C8-BC4F-786656179EFA}.Release|Any CPU.ActiveCfg = Release|Any CPU
		{5345DB0E-1971-46C8-BC4F-786656179EFA}.Release|Any CPU.Build.0 = Release|Any CPU
		{298E38CA-BE32-4E9E-A5D5-075A93832A81}.Debug|Any CPU.ActiveCfg = Debug|Any CPU
		{298E38CA-BE32-4E9E-A5D5-075A93832A81}.Debug|Any CPU.Build.0 = Debug|Any CPU
		{298E38CA-BE32-4E9E-A5D5-075A93832A81}.Release|Any CPU.ActiveCfg = Release|Any CPU
		{298E38CA-BE32-4E9E-A5D5-075A93832A81}.Release|Any CPU.Build.0 = Release|Any CPU
		{A73A4446-97F0-48AC-8161-C3594CE7A93B}.Debug|Any CPU.ActiveCfg = Debug|Any CPU
		{A73A4446-97F0-48AC-8161-C3594CE7A93B}.Debug|Any CPU.Build.0 = Debug|Any CPU
		{A73A4446-97F0-48AC-8161-C3594CE7A93B}.Release|Any CPU.ActiveCfg = Release|Any CPU
		{A73A4446-97F0-48AC-8161-C3594CE7A93B}.Release|Any CPU.Build.0 = Release|Any CPU
		{5631BCE7-7CA3-4345-96C7-9EE110A04E26}.Debug|Any CPU.ActiveCfg = Debug|Any CPU
		{5631BCE7-7CA3-4345-96C7-9EE110A04E26}.Debug|Any CPU.Build.0 = Debug|Any CPU
		{5631BCE7-7CA3-4345-96C7-9EE110A04E26}.Release|Any CPU.ActiveCfg = Release|Any CPU
		{5631BCE7-7CA3-4345-96C7-9EE110A04E26}.Release|Any CPU.Build.0 = Release|Any CPU
		{CD7292F8-6180-4135-B2A3-4D4F4C2E8F31}.Debug|Any CPU.ActiveCfg = Debug|Any CPU
		{CD7292F8-6180-4135-B2A3-4D4F4C2E8F31}.Debug|Any CPU.Build.0 = Debug|Any CPU
		{CD7292F8-6180-4135-B2A3-4D4F4C2E8F31}.Release|Any CPU.ActiveCfg = Release|Any CPU
		{CD7292F8-6180-4135-B2A3-4D4F4C2E8F31}.Release|Any CPU.Build.0 = Release|Any CPU
		{CE50888D-B802-4BFB-B606-94510290DBAF}.Debug|Any CPU.ActiveCfg = Debug|Any CPU
		{CE50888D-B802-4BFB-B606-94510290DBAF}.Debug|Any CPU.Build.0 = Debug|Any CPU
		{CE50888D-B802-4BFB-B606-94510290DBAF}.Release|Any CPU.ActiveCfg = Release|Any CPU
		{CE50888D-B802-4BFB-B606-94510290DBAF}.Release|Any CPU.Build.0 = Release|Any CPU
		{BE74CF27-7B24-4746-BE00-AA3415E42856}.Debug|Any CPU.ActiveCfg = Debug|Any CPU
		{BE74CF27-7B24-4746-BE00-AA3415E42856}.Debug|Any CPU.Build.0 = Debug|Any CPU
		{BE74CF27-7B24-4746-BE00-AA3415E42856}.Release|Any CPU.ActiveCfg = Release|Any CPU
		{BE74CF27-7B24-4746-BE00-AA3415E42856}.Release|Any CPU.Build.0 = Release|Any CPU
	EndGlobalSection
	GlobalSection(SolutionProperties) = preSolution
		HideSolutionNode = FALSE
	EndGlobalSection
	GlobalSection(NestedProjects) = preSolution
		{5345DB0E-1971-46C8-BC4F-786656179EFA} = {C9516B21-A500-4770-B305-8981F1460AD3}
		{298E38CA-BE32-4E9E-A5D5-075A93832A81} = {D7649874-FA57-4369-B80D-B07D9E81C548}
		{A73A4446-97F0-48AC-8161-C3594CE7A93B} = {4D717BA6-D29D-48D8-A90D-7AADC6417F6E}
		{5631BCE7-7CA3-4345-96C7-9EE110A04E26} = {FA08353C-1538-4BDA-9841-2CCF67470897}
		{CD7292F8-6180-4135-B2A3-4D4F4C2E8F31} = {FA08353C-1538-4BDA-9841-2CCF67470897}
		{CE50888D-B802-4BFB-B606-94510290DBAF} = {7287985A-B1F1-4E3F-B3B0-B12911250611}
		{BE74CF27-7B24-4746-BE00-AA3415E42856} = {D7649874-FA57-4369-B80D-B07D9E81C548}
	EndGlobalSection
EndGlobal
